
Microsoft Visual Studio Solution File, Format Version 12.00
# Visual Studio Version 17
VisualStudioVersion = 17.7.33711.374
MinimumVisualStudioVersion = 10.0.40219.1
Project("{FAE04EC0-301F-11D3-BF4B-00C04F79EFBC}") = "Core_Lib_net7", "Core_Lib_net7\Core_Lib_net7.csproj", "{A2835BE9-0BE0-4AA4-947D-2C93ADE4943D}"
EndProject
Global
	GlobalSection(SolutionConfigurationPlatforms) = preSolution
		Debug|Any CPU = Debug|Any CPU
		Release|Any CPU = Release|Any CPU
	EndGlobalSection
	GlobalSection(ProjectConfigurationPlatforms) = postSolution
		{A2835BE9-0BE0-4AA4-947D-2C93ADE4943D}.Debug|Any CPU.ActiveCfg = Debug|Any CPU
		{A2835BE9-0BE0-4AA4-947D-2C93ADE4943D}.Debug|Any CPU.Build.0 = Debug|Any CPU
		{A2835BE9-0BE0-4AA4-947D-2C93ADE4943D}.Release|Any CPU.ActiveCfg = Release|Any CPU
		{A2835BE9-0BE0-4AA4-947D-2C93ADE4943D}.Release|Any CPU.Build.0 = Release|Any CPU
	EndGlobalSection
	GlobalSection(SolutionProperties) = preSolution
		HideSolutionNode = FALSE
	EndGlobalSection
	GlobalSection(ExtensibilityGlobals) = postSolution
		SolutionGuid = {4E06B84F-1795-45B4-86F0-294011CF2F20}
	EndGlobalSection
EndGlobal
