
Microsoft Visual Studio Solution File, Format Version 12.00
# Visual Studio Version 17
VisualStudioVersion = 17.7.33711.374
MinimumVisualStudioVersion = 10.0.40219.1
Project("{9A19103F-16F7-4668-BE54-9A1E7A4F7556}") = "Core_Lib_net7", "Core_Lib_net7\Core_Lib_net7.csproj", "{A2835BE9-0BE0-4AA4-947D-2C93ADE4943D}"
EndProject
Project("{FAE04EC0-301F-11D3-BF4B-00C04F79EFBC}") = "Framework_App_4_8", "Framework_App_4_8\Framework_App_4_8.csproj", "{9712A339-85BD-4C93-B62F-3F577212AF2C}"
EndProject
Project("{D954291E-2A0B-460D-934E-DC6B0785DB48}") = "Shared", "Shared\Shared.shproj", "{7630D8C5-2BD1-4407-AF59-A648D388B518}"
EndProject
Project("{9A19103F-16F7-4668-BE54-9A1E7A4F7556}") = "Multi", "Multi\Multi.csproj", "{D43E5055-9FF0-47C5-B715-95D15DB1D212}"
EndProject
Project("{FAE04EC0-301F-11D3-BF4B-00C04F79EFBC}") = "Xaml_Framework", "Xaml_Framework\Xaml_Framework.csproj", "{A26FA850-EB63-4EC1-A525-122E5E1D33E7}"
EndProject
Project("{9A19103F-16F7-4668-BE54-9A1E7A4F7556}") = "Xaml_Core", "Xaml_Core\Xaml_Core.csproj", "{5B74CFA9-A9AA-44DE-8443-DFC633909603}"
EndProject
Project("{FAE04EC0-301F-11D3-BF4B-00C04F79EFBC}") = "WindowsForms_Framework", "WindowsForms_Framework\WindowsForms_Framework.csproj", "{FDD86A3F-EA96-41B7-A128-1BA0E459A09A}"
EndProject
Project("{9A19103F-16F7-4668-BE54-9A1E7A4F7556}") = "WinForms_Core", "WinForms_Core\WinForms_Core.csproj", "{7941779E-2471-4D5D-866C-8C616496FBA3}"
EndProject
Project("{FAE04EC0-301F-11D3-BF4B-00C04F79EFBC}") = "Lib_with_language_version_set_in_ReSharper_settings", "Lib_with_language_version_set_in_ReSharper_settings\Lib_with_language_version_set_in_ReSharper_settings.csproj", "{D8419861-F702-4531-8A52-B9D3E5960D77}"
EndProject
Global
	GlobalSection(SolutionConfigurationPlatforms) = preSolution
		Debug|Any CPU = Debug|Any CPU
		Release|Any CPU = Release|Any CPU
	EndGlobalSection
	GlobalSection(ProjectConfigurationPlatforms) = postSolution
		{A2835BE9-0BE0-4AA4-947D-2C93ADE4943D}.Debug|Any CPU.ActiveCfg = Debug|Any CPU
		{A2835BE9-0BE0-4AA4-947D-2C93ADE4943D}.Debug|Any CPU.Build.0 = Debug|Any CPU
		{A2835BE9-0BE0-4AA4-947D-2C93ADE4943D}.Release|Any CPU.ActiveCfg = Release|Any CPU
		{A2835BE9-0BE0-4AA4-947D-2C93ADE4943D}.Release|Any CPU.Build.0 = Release|Any CPU
		{9712A339-85BD-4C93-B62F-3F577212AF2C}.Debug|Any CPU.ActiveCfg = Debug|Any CPU
		{9712A339-85BD-4C93-B62F-3F577212AF2C}.Debug|Any CPU.Build.0 = Debug|Any CPU
		{9712A339-85BD-4C93-B62F-3F577212AF2C}.Release|Any CPU.ActiveCfg = Release|Any CPU
		{9712A339-85BD-4C93-B62F-3F577212AF2C}.Release|Any CPU.Build.0 = Release|Any CPU
		{D43E5055-9FF0-47C5-B715-95D15DB1D212}.Debug|Any CPU.ActiveCfg = Debug|Any CPU
		{D43E5055-9FF0-47C5-B715-95D15DB1D212}.Debug|Any CPU.Build.0 = Debug|Any CPU
		{D43E5055-9FF0-47C5-B715-95D15DB1D212}.Release|Any CPU.ActiveCfg = Release|Any CPU
		{D43E5055-9FF0-47C5-B715-95D15DB1D212}.Release|Any CPU.Build.0 = Release|Any CPU
		{A26FA850-EB63-4EC1-A525-122E5E1D33E7}.Debug|Any CPU.ActiveCfg = Debug|Any CPU
		{A26FA850-EB63-4EC1-A525-122E5E1D33E7}.Debug|Any CPU.Build.0 = Debug|Any CPU
		{A26FA850-EB63-4EC1-A525-122E5E1D33E7}.Release|Any CPU.ActiveCfg = Release|Any CPU
		{A26FA850-EB63-4EC1-A525-122E5E1D33E7}.Release|Any CPU.Build.0 = Release|Any CPU
		{5B74CFA9-A9AA-44DE-8443-DFC633909603}.Debug|Any CPU.ActiveCfg = Debug|Any CPU
		{5B74CFA9-A9AA-44DE-8443-DFC633909603}.Debug|Any CPU.Build.0 = Debug|Any CPU
		{5B74CFA9-A9AA-44DE-8443-DFC633909603}.Release|Any CPU.ActiveCfg = Release|Any CPU
		{5B74CFA9-A9AA-44DE-8443-DFC633909603}.Release|Any CPU.Build.0 = Release|Any CPU
		{FDD86A3F-EA96-41B7-A128-1BA0E459A09A}.Debug|Any CPU.ActiveCfg = Debug|Any CPU
		{FDD86A3F-EA96-41B7-A128-1BA0E459A09A}.Debug|Any CPU.Build.0 = Debug|Any CPU
		{FDD86A3F-EA96-41B7-A128-1BA0E459A09A}.Release|Any CPU.ActiveCfg = Release|Any CPU
		{FDD86A3F-EA96-41B7-A128-1BA0E459A09A}.Release|Any CPU.Build.0 = Release|Any CPU
		{7941779E-2471-4D5D-866C-8C616496FBA3}.Debug|Any CPU.ActiveCfg = Debug|Any CPU
		{7941779E-2471-4D5D-866C-8C616496FBA3}.Debug|Any CPU.Build.0 = Debug|Any CPU
		{7941779E-2471-4D5D-866C-8C616496FBA3}.Release|Any CPU.ActiveCfg = Release|Any CPU
		{7941779E-2471-4D5D-866C-8C616496FBA3}.Release|Any CPU.Build.0 = Release|Any CPU
		{D8419861-F702-4531-8A52-B9D3E5960D77}.Debug|Any CPU.ActiveCfg = Debug|Any CPU
		{D8419861-F702-4531-8A52-B9D3E5960D77}.Debug|Any CPU.Build.0 = Debug|Any CPU
		{D8419861-F702-4531-8A52-B9D3E5960D77}.Release|Any CPU.ActiveCfg = Release|Any CPU
		{D8419861-F702-4531-8A52-B9D3E5960D77}.Release|Any CPU.Build.0 = Release|Any CPU
	EndGlobalSection
	GlobalSection(SolutionProperties) = preSolution
		HideSolutionNode = FALSE
	EndGlobalSection
	GlobalSection(ExtensibilityGlobals) = postSolution
		SolutionGuid = {4E06B84F-1795-45B4-86F0-294011CF2F20}
	EndGlobalSection
	GlobalSection(SharedMSBuildProjectFiles) = preSolution
		Shared\Shared.projitems*{7630d8c5-2bd1-4407-af59-a648d388b518}*SharedItemsImports = 13
		Shared\Shared.projitems*{9712a339-85bd-4c93-b62f-3f577212af2c}*SharedItemsImports = 4
		Shared\Shared.projitems*{a2835be9-0be0-4aa4-947d-2c93ade4943d}*SharedItemsImports = 5
	EndGlobalSection
EndGlobal
