
Microsoft Visual Studio Solution File, Format Version 12.00
# Visual Studio Version 17
VisualStudioVersion = 17.7.33711.374
MinimumVisualStudioVersion = 10.0.40219.1
Project("{9A19103F-16F7-4668-BE54-9A1E7A4F7556}") = "Core_Lib_net7", "Core_Lib_net7\Core_Lib_net7.csproj", "{A2835BE9-0BE0-4AA4-947D-2C93ADE4943D}"
EndProject
Project("{FAE04EC0-301F-11D3-BF4B-00C04F79EFBC}") = "Framework_App_4_8", "Framework_App_4_8\Framework_App_4_8.csproj", "{9712A339-85BD-4C93-B62F-3F577212AF2C}"
EndProject
Project("{D954291E-2A0B-460D-934E-DC6B0785DB48}") = "Shared", "Shared\Shared.shproj", "{7630D8C5-2BD1-4407-AF59-A648D388B518}"
EndProject
Project("{9A19103F-16F7-4668-BE54-9A1E7A4F7556}") = "Multi", "Multi\Multi.csproj", "{D43E5055-9FF0-47C5-B715-95D15DB1D212}"
EndProject
Project("{FAE04EC0-301F-11D3-BF4B-00C04F79EFBC}") = "Xaml_Framework", "Xaml_Framework\Xaml_Framework.csproj", "{A26FA850-EB63-4EC1-A525-122E5E1D33E7}"
EndProject
Project("{9A19103F-16F7-4668-BE54-9A1E7A4F7556}") = "Xaml_Core", "Xaml_Core\Xaml_Core.csproj", "{5B74CFA9-A9AA-44DE-8443-DFC633909603}"
EndProject
Project("{FAE04EC0-301F-11D3-BF4B-00C04F79EFBC}") = "WindowsForms_Framework", "WindowsForms_Framework\WindowsForms_Framework.csproj", "{FDD86A3F-EA96-41B7-A128-1BA0E459A09A}"
EndProject
Project("{9A19103F-16F7-4668-BE54-9A1E7A4F7556}") = "WinForms_Core", "WinForms_Core\WinForms_Core.csproj", "{7941779E-2471-4D5D-866C-8C616496FBA3}"
EndProject
Project("{9A19103F-16F7-4668-BE54-9A1E7A4F7556}") = "Lib_with_language_version_set_in_ReSharper_settings", "Lib_with_language_version_set_in_ReSharper_settings\Lib_with_language_version_set_in_ReSharper_settings.csproj", "{D8419861-F702-4531-8A52-B9D3E5960D77}"
EndProject
Project("{F184B08F-C81C-45F6-A57F-5ABD9991F28F}") = "VB_Framework_4", "VB_Framework_4\VB_Framework_4.vbproj", "{F199F3BA-D24A-40AD-BA37-0061F88BCF58}"
EndProject
Project("{9A19103F-16F7-4668-BE54-9A1E7A4F7556}") = "ClassLibrary1", "ClassLibrary1\ClassLibrary1.csproj", "{55D873B5-C5B5-4CD9-99D5-4B1317D8C401}"
EndProject
Project("{9A19103F-16F7-4668-BE54-9A1E7A4F7556}") = "Core_App", "Core_App\Core_App.csproj", "{4FB55BFC-6CB4-4311-96D2-575DA11E231A}"
EndProject
Project("{9A19103F-16F7-4668-BE54-9A1E7A4F7556}") = "ReferencedLibCore", "ReferencedLibCore\ReferencedLibCore.csproj", "{865E00EC-6653-4674-B5EB-7273165BE59E}"
EndProject
Project("{2150E333-8FDC-42A3-9474-1A3956D46DE8}") = "Old", "Old", "{C4A96F95-54EC-43F6-BD4B-A25795DA3922}"
EndProject
Project("{2150E333-8FDC-42A3-9474-1A3956D46DE8}") = "CA", "CA", "{8D659E84-BD06-4BA3-8389-A098A4B3F44E}"
EndProject
Project("{9A19103F-16F7-4668-BE54-9A1E7A4F7556}") = "CA_Core_Lib", "CA_Core_Lib\CA_Core_Lib.csproj", "{18144CD4-A39C-4554-A5CA-3BB8C210B495}"
EndProject
Project("{FAE04EC0-301F-11D3-BF4B-00C04F79EFBC}") = "Core_Lib_Referenced", "Core_Lib_Referenced\Core_Lib_Referenced.csproj", "{A6391A21-A078-4253-92F0-D4CAB6E06606}"
EndProject
Global
	GlobalSection(SolutionConfigurationPlatforms) = preSolution
		Debug|Any CPU = Debug|Any CPU
		Release|Any CPU = Release|Any CPU
	EndGlobalSection
	GlobalSection(ProjectConfigurationPlatforms) = postSolution
		{A2835BE9-0BE0-4AA4-947D-2C93ADE4943D}.Debug|Any CPU.ActiveCfg = Debug|Any CPU
		{A2835BE9-0BE0-4AA4-947D-2C93ADE4943D}.Debug|Any CPU.Build.0 = Debug|Any CPU
		{A2835BE9-0BE0-4AA4-947D-2C93ADE4943D}.Release|Any CPU.ActiveCfg = Release|Any CPU
		{A2835BE9-0BE0-4AA4-947D-2C93ADE4943D}.Release|Any CPU.Build.0 = Release|Any CPU
		{9712A339-85BD-4C93-B62F-3F577212AF2C}.Debug|Any CPU.ActiveCfg = Debug|Any CPU
		{9712A339-85BD-4C93-B62F-3F577212AF2C}.Debug|Any CPU.Build.0 = Debug|Any CPU
		{9712A339-85BD-4C93-B62F-3F577212AF2C}.Release|Any CPU.ActiveCfg = Release|Any CPU
		{9712A339-85BD-4C93-B62F-3F577212AF2C}.Release|Any CPU.Build.0 = Release|Any CPU
		{D43E5055-9FF0-47C5-B715-95D15DB1D212}.Debug|Any CPU.ActiveCfg = Debug|Any CPU
		{D43E5055-9FF0-47C5-B715-95D15DB1D212}.Debug|Any CPU.Build.0 = Debug|Any CPU
		{D43E5055-9FF0-47C5-B715-95D15DB1D212}.Release|Any CPU.ActiveCfg = Release|Any CPU
		{D43E5055-9FF0-47C5-B715-95D15DB1D212}.Release|Any CPU.Build.0 = Release|Any CPU
		{A26FA850-EB63-4EC1-A525-122E5E1D33E7}.Debug|Any CPU.ActiveCfg = Debug|Any CPU
		{A26FA850-EB63-4EC1-A525-122E5E1D33E7}.Debug|Any CPU.Build.0 = Debug|Any CPU
		{A26FA850-EB63-4EC1-A525-122E5E1D33E7}.Release|Any CPU.ActiveCfg = Release|Any CPU
		{A26FA850-EB63-4EC1-A525-122E5E1D33E7}.Release|Any CPU.Build.0 = Release|Any CPU
		{5B74CFA9-A9AA-44DE-8443-DFC633909603}.Debug|Any CPU.ActiveCfg = Debug|Any CPU
		{5B74CFA9-A9AA-44DE-8443-DFC633909603}.Debug|Any CPU.Build.0 = Debug|Any CPU
		{5B74CFA9-A9AA-44DE-8443-DFC633909603}.Release|Any CPU.ActiveCfg = Release|Any CPU
		{5B74CFA9-A9AA-44DE-8443-DFC633909603}.Release|Any CPU.Build.0 = Release|Any CPU
		{FDD86A3F-EA96-41B7-A128-1BA0E459A09A}.Debug|Any CPU.ActiveCfg = Debug|Any CPU
		{FDD86A3F-EA96-41B7-A128-1BA0E459A09A}.Debug|Any CPU.Build.0 = Debug|Any CPU
		{FDD86A3F-EA96-41B7-A128-1BA0E459A09A}.Release|Any CPU.ActiveCfg = Release|Any CPU
		{FDD86A3F-EA96-41B7-A128-1BA0E459A09A}.Release|Any CPU.Build.0 = Release|Any CPU
		{7941779E-2471-4D5D-866C-8C616496FBA3}.Debug|Any CPU.ActiveCfg = Debug|Any CPU
		{7941779E-2471-4D5D-866C-8C616496FBA3}.Debug|Any CPU.Build.0 = Debug|Any CPU
		{7941779E-2471-4D5D-866C-8C616496FBA3}.Release|Any CPU.ActiveCfg = Release|Any CPU
		{7941779E-2471-4D5D-866C-8C616496FBA3}.Release|Any CPU.Build.0 = Release|Any CPU
		{D8419861-F702-4531-8A52-B9D3E5960D77}.Debug|Any CPU.ActiveCfg = Debug|Any CPU
		{D8419861-F702-4531-8A52-B9D3E5960D77}.Debug|Any CPU.Build.0 = Debug|Any CPU
		{D8419861-F702-4531-8A52-B9D3E5960D77}.Release|Any CPU.ActiveCfg = Release|Any CPU
		{D8419861-F702-4531-8A52-B9D3E5960D77}.Release|Any CPU.Build.0 = Release|Any CPU
		{F199F3BA-D24A-40AD-BA37-0061F88BCF58}.Debug|Any CPU.ActiveCfg = Debug|Any CPU
		{F199F3BA-D24A-40AD-BA37-0061F88BCF58}.Debug|Any CPU.Build.0 = Debug|Any CPU
		{F199F3BA-D24A-40AD-BA37-0061F88BCF58}.Release|Any CPU.ActiveCfg = Release|Any CPU
		{F199F3BA-D24A-40AD-BA37-0061F88BCF58}.Release|Any CPU.Build.0 = Release|Any CPU
		{55D873B5-C5B5-4CD9-99D5-4B1317D8C401}.Debug|Any CPU.ActiveCfg = Debug|Any CPU
		{55D873B5-C5B5-4CD9-99D5-4B1317D8C401}.Debug|Any CPU.Build.0 = Debug|Any CPU
		{55D873B5-C5B5-4CD9-99D5-4B1317D8C401}.Release|Any CPU.ActiveCfg = Release|Any CPU
		{55D873B5-C5B5-4CD9-99D5-4B1317D8C401}.Release|Any CPU.Build.0 = Release|Any CPU
		{4FB55BFC-6CB4-4311-96D2-575DA11E231A}.Debug|Any CPU.ActiveCfg = Debug|Any CPU
		{4FB55BFC-6CB4-4311-96D2-575DA11E231A}.Debug|Any CPU.Build.0 = Debug|Any CPU
		{4FB55BFC-6CB4-4311-96D2-575DA11E231A}.Release|Any CPU.ActiveCfg = Release|Any CPU
		{4FB55BFC-6CB4-4311-96D2-575DA11E231A}.Release|Any CPU.Build.0 = Release|Any CPU
		{865E00EC-6653-4674-B5EB-7273165BE59E}.Debug|Any CPU.ActiveCfg = Debug|Any CPU
		{865E00EC-6653-4674-B5EB-7273165BE59E}.Debug|Any CPU.Build.0 = Debug|Any CPU
		{865E00EC-6653-4674-B5EB-7273165BE59E}.Release|Any CPU.ActiveCfg = Release|Any CPU
		{865E00EC-6653-4674-B5EB-7273165BE59E}.Release|Any CPU.Build.0 = Release|Any CPU
		{18144CD4-A39C-4554-A5CA-3BB8C210B495}.Debug|Any CPU.ActiveCfg = Debug|Any CPU
		{18144CD4-A39C-4554-A5CA-3BB8C210B495}.Debug|Any CPU.Build.0 = Debug|Any CPU
		{18144CD4-A39C-4554-A5CA-3BB8C210B495}.Release|Any CPU.ActiveCfg = Release|Any CPU
		{18144CD4-A39C-4554-A5CA-3BB8C210B495}.Release|Any CPU.Build.0 = Release|Any CPU
		{A6391A21-A078-4253-92F0-D4CAB6E06606}.Debug|Any CPU.ActiveCfg = Debug|Any CPU
		{A6391A21-A078-4253-92F0-D4CAB6E06606}.Debug|Any CPU.Build.0 = Debug|Any CPU
		{A6391A21-A078-4253-92F0-D4CAB6E06606}.Release|Any CPU.ActiveCfg = Release|Any CPU
		{A6391A21-A078-4253-92F0-D4CAB6E06606}.Release|Any CPU.Build.0 = Release|Any CPU
	EndGlobalSection
	GlobalSection(SolutionProperties) = preSolution
		HideSolutionNode = FALSE
	EndGlobalSection
	GlobalSection(NestedProjects) = preSolution
		{A2835BE9-0BE0-4AA4-947D-2C93ADE4943D} = {C4A96F95-54EC-43F6-BD4B-A25795DA3922}
		{9712A339-85BD-4C93-B62F-3F577212AF2C} = {C4A96F95-54EC-43F6-BD4B-A25795DA3922}
		{7630D8C5-2BD1-4407-AF59-A648D388B518} = {C4A96F95-54EC-43F6-BD4B-A25795DA3922}
		{D43E5055-9FF0-47C5-B715-95D15DB1D212} = {C4A96F95-54EC-43F6-BD4B-A25795DA3922}
		{A26FA850-EB63-4EC1-A525-122E5E1D33E7} = {C4A96F95-54EC-43F6-BD4B-A25795DA3922}
		{5B74CFA9-A9AA-44DE-8443-DFC633909603} = {C4A96F95-54EC-43F6-BD4B-A25795DA3922}
		{FDD86A3F-EA96-41B7-A128-1BA0E459A09A} = {C4A96F95-54EC-43F6-BD4B-A25795DA3922}
		{7941779E-2471-4D5D-866C-8C616496FBA3} = {C4A96F95-54EC-43F6-BD4B-A25795DA3922}
		{D8419861-F702-4531-8A52-B9D3E5960D77} = {C4A96F95-54EC-43F6-BD4B-A25795DA3922}
		{F199F3BA-D24A-40AD-BA37-0061F88BCF58} = {C4A96F95-54EC-43F6-BD4B-A25795DA3922}
		{55D873B5-C5B5-4CD9-99D5-4B1317D8C401} = {C4A96F95-54EC-43F6-BD4B-A25795DA3922}
		{4FB55BFC-6CB4-4311-96D2-575DA11E231A} = {C4A96F95-54EC-43F6-BD4B-A25795DA3922}
		{865E00EC-6653-4674-B5EB-7273165BE59E} = {C4A96F95-54EC-43F6-BD4B-A25795DA3922}
		{18144CD4-A39C-4554-A5CA-3BB8C210B495} = {8D659E84-BD06-4BA3-8389-A098A4B3F44E}
		{A6391A21-A078-4253-92F0-D4CAB6E06606} = {8D659E84-BD06-4BA3-8389-A098A4B3F44E}
	EndGlobalSection
	GlobalSection(ExtensibilityGlobals) = postSolution
		SolutionGuid = {4E06B84F-1795-45B4-86F0-294011CF2F20}
	EndGlobalSection
EndGlobal
